{
    "_readme": [
        "This file locks the dependencies of your project to a known state",
        "Read more about it at https://getcomposer.org/doc/01-basic-usage.md#composer-lock-the-lock-file",
        "This file is @generated automatically"
    ],
    "hash": "d76a604ec8ca208652ad32e39635d7c8",
    "content-hash": "1e5ee185dbc931b7aa5664c5d53901eb",
    "packages": [
        {
            "name": "zerustech/io",
            "version": "dev-master",
            "source": {
                "type": "git",
                "url": "https://github.com/zerustech/io.git",
                "reference": "b617a4ac21298e231469526b0b1259d8fee18f8d"
            },
            "dist": {
                "type": "zip",
                "url": "https://api.github.com/repos/zerustech/io/zipball/b617a4ac21298e231469526b0b1259d8fee18f8d",
                "reference": "b617a4ac21298e231469526b0b1259d8fee18f8d",
                "shasum": ""
            },
            "require": {
                "php": ">=5.4"
            },
            "type": "library",
            "autoload": {
                "psr-4": {
                    "ZerusTech\\Component\\IO\\": ".",
                    "ZerusTech\\Component\\IO\\Tests\\": "./Tests"
                }
            },
            "notification-url": "https://packagist.org/downloads/",
            "license": [
                "MIT"
            ],
            "authors": [
                {
                    "name": "Michael Lee",
                    "email": "michael.lee@zerustech.com"
                }
            ],
            "description": "ZerusTech IO Component",
            "time": "2016-07-05 08:28:18"
        }
    ],
    "packages-dev": [],
    "aliases": [],
    "minimum-stability": "stable",
    "stability-flags": {
        "zerustech/io": 20
    },
    "prefer-stable": false,
    "prefer-lowest": false,
    "platform": {
        "php": ">=7.0",
        "ext-pthreads": ">=3.1.6"
    },
    "platform-dev": []
}
