{
    "_readme": [
        "This file locks the dependencies of your project to a known state",
        "Read more about it at https://getcomposer.org/doc/01-basic-usage.md#composer-lock-the-lock-file",
        "This file is @generated automatically"
    ],
    "hash": "42da2ddf237cce01f5cc88929905d788",
    "content-hash": "e3ce384c26f9d5bf4aab9c632d09e677",
    "packages": [
        {
            "name": "zerustech/io",
            "version": "v1.0.2",
            "source": {
                "type": "git",
                "url": "https://github.com/zerustech/io.git",
                "reference": "d2f36f96ea0240bc13317ff7775508886db5a996"
            },
            "dist": {
                "type": "zip",
                "url": "https://api.github.com/repos/zerustech/io/zipball/d2f36f96ea0240bc13317ff7775508886db5a996",
                "reference": "d2f36f96ea0240bc13317ff7775508886db5a996",
                "shasum": ""
            },
            "require": {
                "php": ">=5.4"
            },
            "type": "library",
            "extra": {
                "branch-alias": {
                    "dev-master": "1.1-dev"
                }
            },
            "autoload": {
                "psr-4": {
                    "ZerusTech\\Component\\IO\\": ".",
                    "ZerusTech\\Component\\IO\\Tests\\": "./Tests"
                }
            },
            "notification-url": "https://packagist.org/downloads/",
            "license": [
                "MIT"
            ],
            "authors": [
                {
                    "name": "Michael Lee",
                    "email": "michael.lee@zerustech.com"
                }
            ],
            "description": "ZerusTech IO Component",
            "keywords": [
                "io",
                "stream",
                "string input stream"
            ],
            "time": "2016-07-08 16:03:29"
        }
    ],
    "packages-dev": [],
    "aliases": [],
    "minimum-stability": "stable",
    "stability-flags": [],
    "prefer-stable": false,
    "prefer-lowest": false,
    "platform": {
        "php": ">=5.4",
        "ext-pthreads": "^2.0.10"
    },
    "platform-dev": []
}
